// !$*UTF8*$!
{
	archiveVersion = 1;
	classes = {
	};
	objectVersion = 46;
	objects = {

/* Begin PBXBuildFile section */
		0E0638461A3992E80052E1A8 /* libTwitter.a in CopyFiles */ = {isa = PBXBuildFile; fileRef = 5028B09B1A11306F007A3D32 /* libTwitter.a */; };
		0E0638491A39BF930052E1A8 /* ANXBridgeCall.m in Sources */ = {isa = PBXBuildFile; fileRef = 0E0638481A39BF930052E1A8 /* ANXBridgeCall.m */; };
		0E06384C1A3AEFD70052E1A8 /* ANXTwitterSession.m in Sources */ = {isa = PBXBuildFile; fileRef = 0E06384B1A3AEFD70052E1A8 /* ANXTwitterSession.m */; };
		0E06384F1A3AF9880052E1A8 /* ANXTwitterGuestSession.m in Sources */ = {isa = PBXBuildFile; fileRef = 0E06384E1A3AF9880052E1A8 /* ANXTwitterGuestSession.m */; };
		0E0638521A3B4CE10052E1A8 /* ANXDigitsSession.m in Sources */ = {isa = PBXBuildFile; fileRef = 0E0638511A3B4CE10052E1A8 /* ANXDigitsSession.m */; };
		5028B09F1A11306F007A3D32 /* ANXTwitterFacade.h in CopyFiles */ = {isa = PBXBuildFile; fileRef = 5028B09E1A11306F007A3D32 /* ANXTwitterFacade.h */; };
		5028B0A11A11306F007A3D32 /* ANXTwitterFacade.m in Sources */ = {isa = PBXBuildFile; fileRef = 5028B0A01A11306F007A3D32 /* ANXTwitterFacade.m */; };
		5028B0B91A11450A007A3D32 /* TwitterKit.framework in Frameworks */ = {isa = PBXBuildFile; fileRef = 5028B0B81A11450A007A3D32 /* TwitterKit.framework */; };
/* End PBXBuildFile section */

/* Begin PBXCopyFilesBuildPhase section */
		0E0638451A3992D60052E1A8 /* CopyFiles */ = {
			isa = PBXCopyFilesBuildPhase;
			buildActionMask = 2147483647;
			dstPath = "${PROJECT_DIR}/../../build/ios";
			dstSubfolderSpec = 0;
			files = (
				0E0638461A3992E80052E1A8 /* libTwitter.a in CopyFiles */,
			);
			runOnlyForDeploymentPostprocessing = 0;
		};
		5028B0991A11306F007A3D32 /* CopyFiles */ = {
			isa = PBXCopyFilesBuildPhase;
			buildActionMask = 2147483647;
			dstPath = "include/$(PRODUCT_NAME)";
			dstSubfolderSpec = 16;
			files = (
				5028B09F1A11306F007A3D32 /* ANXTwitterFacade.h in CopyFiles */,
			);
			runOnlyForDeploymentPostprocessing = 0;
		};
/* End PBXCopyFilesBuildPhase section */

/* Begin PBXFileReference section */
		0E0638471A39BF930052E1A8 /* ANXBridgeCall.h */ = {isa = PBXFileReference; fileEncoding = 4; lastKnownFileType = sourcecode.c.h; path = ANXBridgeCall.h; sourceTree = "<group>"; };
		0E0638481A39BF930052E1A8 /* ANXBridgeCall.m */ = {isa = PBXFileReference; fileEncoding = 4; lastKnownFileType = sourcecode.c.objc; path = ANXBridgeCall.m; sourceTree = "<group>"; };
		0E06384A1A3AEFD70052E1A8 /* ANXTwitterSession.h */ = {isa = PBXFileReference; fileEncoding = 4; lastKnownFileType = sourcecode.c.h; path = ANXTwitterSession.h; sourceTree = "<group>"; };
		0E06384B1A3AEFD70052E1A8 /* ANXTwitterSession.m */ = {isa = PBXFileReference; fileEncoding = 4; lastKnownFileType = sourcecode.c.objc; path = ANXTwitterSession.m; sourceTree = "<group>"; };
		0E06384D1A3AF9880052E1A8 /* ANXTwitterGuestSession.h */ = {isa = PBXFileReference; fileEncoding = 4; lastKnownFileType = sourcecode.c.h; path = ANXTwitterGuestSession.h; sourceTree = "<group>"; };
		0E06384E1A3AF9880052E1A8 /* ANXTwitterGuestSession.m */ = {isa = PBXFileReference; fileEncoding = 4; lastKnownFileType = sourcecode.c.objc; path = ANXTwitterGuestSession.m; sourceTree = "<group>"; };
		0E0638501A3B4CE10052E1A8 /* ANXDigitsSession.h */ = {isa = PBXFileReference; fileEncoding = 4; lastKnownFileType = sourcecode.c.h; path = ANXDigitsSession.h; sourceTree = "<group>"; };
		0E0638511A3B4CE10052E1A8 /* ANXDigitsSession.m */ = {isa = PBXFileReference; fileEncoding = 4; lastKnownFileType = sourcecode.c.objc; path = ANXDigitsSession.m; sourceTree = "<group>"; };
		5028B09B1A11306F007A3D32 /* libTwitter.a */ = {isa = PBXFileReference; explicitFileType = archive.ar; includeInIndex = 0; path = libTwitter.a; sourceTree = BUILT_PRODUCTS_DIR; };
		5028B09E1A11306F007A3D32 /* ANXTwitterFacade.h */ = {isa = PBXFileReference; lastKnownFileType = sourcecode.c.h; path = ANXTwitterFacade.h; sourceTree = "<group>"; };
		5028B0A01A11306F007A3D32 /* ANXTwitterFacade.m */ = {isa = PBXFileReference; lastKnownFileType = sourcecode.c.objc; path = ANXTwitterFacade.m; sourceTree = "<group>"; };
		5028B0B51A113115007A3D32 /* FlashRuntimeExtensions.h */ = {isa = PBXFileReference; lastKnownFileType = sourcecode.c.h; name = FlashRuntimeExtensions.h; path = Twitter/FlashRuntimeExtensions.h; sourceTree = "<group>"; };
		5028B0B71A113E64007A3D32 /* ANXFabricConversionRoutines.h */ = {isa = PBXFileReference; lastKnownFileType = sourcecode.c.h; name = ANXFabricConversionRoutines.h; path = Twitter/ANXFabricConversionRoutines.h; sourceTree = "<group>"; };
		5028B0B81A11450A007A3D32 /* TwitterKit.framework */ = {isa = PBXFileReference; lastKnownFileType = wrapper.framework; path = TwitterKit.framework; sourceTree = "<group>"; };
/* End PBXFileReference section */

/* Begin PBXFrameworksBuildPhase section */
		5028B0981A11306F007A3D32 /* Frameworks */ = {
			isa = PBXFrameworksBuildPhase;
			buildActionMask = 2147483647;
			files = (
				5028B0B91A11450A007A3D32 /* TwitterKit.framework in Frameworks */,
			);
			runOnlyForDeploymentPostprocessing = 0;
		};
/* End PBXFrameworksBuildPhase section */

/* Begin PBXGroup section */
		5028B0921A11306F007A3D32 = {
			isa = PBXGroup;
			children = (
				5028B0B81A11450A007A3D32 /* TwitterKit.framework */,
				5028B09D1A11306F007A3D32 /* Twitter */,
				5028B09C1A11306F007A3D32 /* Products */,
			);
			sourceTree = "<group>";
		};
		5028B09C1A11306F007A3D32 /* Products */ = {
			isa = PBXGroup;
			children = (
				5028B09B1A11306F007A3D32 /* libTwitter.a */,
			);
			name = Products;
			sourceTree = "<group>";
		};
		5028B09D1A11306F007A3D32 /* Twitter */ = {
			isa = PBXGroup;
			children = (
				5028B0B61A113DF7007A3D32 /* Supporting Files */,
				5028B09E1A11306F007A3D32 /* ANXTwitterFacade.h */,
				5028B0A01A11306F007A3D32 /* ANXTwitterFacade.m */,
				0E0638501A3B4CE10052E1A8 /* ANXDigitsSession.h */,
				0E0638511A3B4CE10052E1A8 /* ANXDigitsSession.m */,
				0E0638471A39BF930052E1A8 /* ANXBridgeCall.h */,
				0E0638481A39BF930052E1A8 /* ANXBridgeCall.m */,
				0E06384A1A3AEFD70052E1A8 /* ANXTwitterSession.h */,
				0E06384B1A3AEFD70052E1A8 /* ANXTwitterSession.m */,
				0E06384D1A3AF9880052E1A8 /* ANXTwitterGuestSession.h */,
				0E06384E1A3AF9880052E1A8 /* ANXTwitterGuestSession.m */,
			);
			path = Twitter;
			sourceTree = "<group>";
		};
		5028B0B61A113DF7007A3D32 /* Supporting Files */ = {
			isa = PBXGroup;
			children = (
				5028B0B71A113E64007A3D32 /* ANXFabricConversionRoutines.h */,
				5028B0B51A113115007A3D32 /* FlashRuntimeExtensions.h */,
			);
			name = "Supporting Files";
			path = ..;
			sourceTree = "<group>";
		};
/* End PBXGroup section */

/* Begin PBXNativeTarget section */
		5028B09A1A11306F007A3D32 /* Twitter */ = {
			isa = PBXNativeTarget;
			buildConfigurationList = 5028B0AF1A113070007A3D32 /* Build configuration list for PBXNativeTarget "Twitter" */;
			buildPhases = (
				5028B0971A11306F007A3D32 /* Sources */,
				5028B0981A11306F007A3D32 /* Frameworks */,
				5028B0991A11306F007A3D32 /* CopyFiles */,
				0E0638451A3992D60052E1A8 /* CopyFiles */,
			);
			buildRules = (
			);
			dependencies = (
			);
			name = Twitter;
			productName = Twitter;
			productReference = 5028B09B1A11306F007A3D32 /* libTwitter.a */;
			productType = "com.apple.product-type.library.static";
		};
/* End PBXNativeTarget section */

/* Begin PBXProject section */
		5028B0931A11306F007A3D32 /* Project object */ = {
			isa = PBXProject;
			attributes = {
				LastUpgradeCheck = 0610;
				ORGANIZATIONNAME = "Max Rozdobudko";
				TargetAttributes = {
					5028B09A1A11306F007A3D32 = {
						CreatedOnToolsVersion = 6.1;
					};
				};
			};
			buildConfigurationList = 5028B0961A11306F007A3D32 /* Build configuration list for PBXProject "Twitter" */;
			compatibilityVersion = "Xcode 3.2";
			developmentRegion = English;
			hasScannedForEncodings = 0;
			knownRegions = (
				en,
			);
			mainGroup = 5028B0921A11306F007A3D32;
			productRefGroup = 5028B09C1A11306F007A3D32 /* Products */;
			projectDirPath = "";
			projectRoot = "";
			targets = (
				5028B09A1A11306F007A3D32 /* Twitter */,
			);
		};
/* End PBXProject section */

/* Begin PBXSourcesBuildPhase section */
		5028B0971A11306F007A3D32 /* Sources */ = {
			isa = PBXSourcesBuildPhase;
			buildActionMask = 2147483647;
			files = (
				5028B0A11A11306F007A3D32 /* ANXTwitterFacade.m in Sources */,
				0E0638521A3B4CE10052E1A8 /* ANXDigitsSession.m in Sources */,
				0E06384F1A3AF9880052E1A8 /* ANXTwitterGuestSession.m in Sources */,
				0E06384C1A3AEFD70052E1A8 /* ANXTwitterSession.m in Sources */,
				0E0638491A39BF930052E1A8 /* ANXBridgeCall.m in Sources */,
			);
			runOnlyForDeploymentPostprocessing = 0;
		};
/* End PBXSourcesBuildPhase section */

/* Begin XCBuildConfiguration section */
		5028B0AD1A113070007A3D32 /* Debug */ = {
			isa = XCBuildConfiguration;
			buildSettings = {
				ALWAYS_SEARCH_USER_PATHS = NO;
				CLANG_CXX_LANGUAGE_STANDARD = "gnu++0x";
				CLANG_CXX_LIBRARY = "libc++";
				CLANG_ENABLE_MODULES = YES;
				CLANG_ENABLE_OBJC_ARC = YES;
				CLANG_WARN_BOOL_CONVERSION = YES;
				CLANG_WARN_CONSTANT_CONVERSION = YES;
				CLANG_WARN_DIRECT_OBJC_ISA_USAGE = YES_ERROR;
				CLANG_WARN_EMPTY_BODY = YES;
				CLANG_WARN_ENUM_CONVERSION = YES;
				CLANG_WARN_INT_CONVERSION = YES;
				CLANG_WARN_OBJC_ROOT_CLASS = YES_ERROR;
				CLANG_WARN_UNREACHABLE_CODE = YES;
				CLANG_WARN__DUPLICATE_METHOD_MATCH = YES;
				COPY_PHASE_STRIP = NO;
				ENABLE_STRICT_OBJC_MSGSEND = YES;
				GCC_C_LANGUAGE_STANDARD = gnu99;
				GCC_DYNAMIC_NO_PIC = NO;
				GCC_OPTIMIZATION_LEVEL = 0;
				GCC_PREPROCESSOR_DEFINITIONS = (
					"DEBUG=1",
					"$(inherited)",
				);
				GCC_SYMBOLS_PRIVATE_EXTERN = NO;
				GCC_WARN_64_TO_32_BIT_CONVERSION = YES;
				GCC_WARN_ABOUT_RETURN_TYPE = YES_ERROR;
				GCC_WARN_UNDECLARED_SELECTOR = YES;
				GCC_WARN_UNINITIALIZED_AUTOS = YES_AGGRESSIVE;
				GCC_WARN_UNUSED_FUNCTION = YES;
				GCC_WARN_UNUSED_VARIABLE = YES;
				IPHONEOS_DEPLOYMENT_TARGET = 8.1;
				MTL_ENABLE_DEBUG_INFO = YES;
				ONLY_ACTIVE_ARCH = YES;
				SDKROOT = iphoneos;
			};
			name = Debug;
		};
		5028B0AE1A113070007A3D32 /* Release */ = {
			isa = XCBuildConfiguration;
			buildSettings = {
				ALWAYS_SEARCH_USER_PATHS = NO;
				CLANG_CXX_LANGUAGE_STANDARD = "gnu++0x";
				CLANG_CXX_LIBRARY = "libc++";
				CLANG_ENABLE_MODULES = YES;
				CLANG_ENABLE_OBJC_ARC = YES;
				CLANG_WARN_BOOL_CONVERSION = YES;
				CLANG_WARN_CONSTANT_CONVERSION = YES;
				CLANG_WARN_DIRECT_OBJC_ISA_USAGE = YES_ERROR;
				CLANG_WARN_EMPTY_BODY = YES;
				CLANG_WARN_ENUM_CONVERSION = YES;
				CLANG_WARN_INT_CONVERSION = YES;
				CLANG_WARN_OBJC_ROOT_CLASS = YES_ERROR;
				CLANG_WARN_UNREACHABLE_CODE = YES;
				CLANG_WARN__DUPLICATE_METHOD_MATCH = YES;
				COPY_PHASE_STRIP = YES;
				ENABLE_NS_ASSERTIONS = NO;
				ENABLE_STRICT_OBJC_MSGSEND = YES;
				GCC_C_LANGUAGE_STANDARD = gnu99;
				GCC_WARN_64_TO_32_BIT_CONVERSION = YES;
				GCC_WARN_ABOUT_RETURN_TYPE = YES_ERROR;
				GCC_WARN_UNDECLARED_SELECTOR = YES;
				GCC_WARN_UNINITIALIZED_AUTOS = YES_AGGRESSIVE;
				GCC_WARN_UNUSED_FUNCTION = YES;
				GCC_WARN_UNUSED_VARIABLE = YES;
				IPHONEOS_DEPLOYMENT_TARGET = 8.1;
				MTL_ENABLE_DEBUG_INFO = NO;
				SDKROOT = iphoneos;
				VALIDATE_PRODUCT = YES;
			};
			name = Release;
		};
		5028B0B01A113070007A3D32 /* Debug */ = {
			isa = XCBuildConfiguration;
			buildSettings = {
				FRAMEWORK_SEARCH_PATHS = (
					"$(inherited)",
					"$(PROJECT_DIR)",
				);
				OTHER_LDFLAGS = "-ObjC";
				PRODUCT_NAME = "$(TARGET_NAME)";
				SKIP_INSTALL = YES;
			};
			name = Debug;
		};
		5028B0B11A113070007A3D32 /* Release */ = {
			isa = XCBuildConfiguration;
			buildSettings = {
				FRAMEWORK_SEARCH_PATHS = (
					"$(inherited)",
					"$(PROJECT_DIR)",
				);
				OTHER_LDFLAGS = "-ObjC";
				PRODUCT_NAME = "$(TARGET_NAME)";
				SKIP_INSTALL = YES;
			};
			name = Release;
		};
/* End XCBuildConfiguration section */

/* Begin XCConfigurationList section */
		5028B0961A11306F007A3D32 /* Build configuration list for PBXProject "Twitter" */ = {
			isa = XCConfigurationList;
			buildConfigurations = (
				5028B0AD1A113070007A3D32 /* Debug */,
				5028B0AE1A113070007A3D32 /* Release */,
			);
			defaultConfigurationIsVisible = 0;
			defaultConfigurationName = Release;
		};
		5028B0AF1A113070007A3D32 /* Build configuration list for PBXNativeTarget "Twitter" */ = {
			isa = XCConfigurationList;
			buildConfigurations = (
				5028B0B01A113070007A3D32 /* Debug */,
				5028B0B11A113070007A3D32 /* Release */,
			);
			defaultConfigurationIsVisible = 0;
			defaultConfigurationName = Release;
		};
/* End XCConfigurationList section */
	};
	rootObject = 5028B0931A11306F007A3D32 /* Project object */;
}
